
Microsoft Visual Studio Solution File, Format Version 12.00
# Visual Studio Version 16
VisualStudioVersion = 16.0.31205.134
MinimumVisualStudioVersion = 10.0.40219.1
Project("{FAE04EC0-301F-11D3-BF4B-00C04F79EFBC}") = "OpenAMS", "OpenAMS\OpenAMS.csproj", "{E724237E-0A3D-40B6-8A6E-75FB62A542A4}"
EndProject
Global
	GlobalSection(SolutionConfigurationPlatforms) = preSolution
		Debug|Any CPU = Debug|Any CPU
		Release|Any CPU = Release|Any CPU
	EndGlobalSection
	GlobalSection(ProjectConfigurationPlatforms) = postSolution
		{E724237E-0A3D-40B6-8A6E-75FB62A542A4}.Debug|Any CPU.ActiveCfg = Debug|Any CPU
		{E724237E-0A3D-40B6-8A6E-75FB62A542A4}.Debug|Any CPU.Build.0 = Debug|Any CPU
		{E724237E-0A3D-40B6-8A6E-75FB62A542A4}.Release|Any CPU.ActiveCfg = Release|Any CPU
		{E724237E-0A3D-40B6-8A6E-75FB62A542A4}.Release|Any CPU.Build.0 = Release|Any CPU
	EndGlobalSection
	GlobalSection(SolutionProperties) = preSolution
		HideSolutionNode = FALSE
	EndGlobalSection
	GlobalSection(ExtensibilityGlobals) = postSolution
		SolutionGuid = {F4667F60-E230-4562-A760-F9DD6732D6B5}
	EndGlobalSection
EndGlobal
